<Solution>
  <Folder Name="/Solution Items/">
    <File Path="docker-compose.yml" />
  </Folder>
  <Folder Name="/src/">
    <Project Path="src/NotificationService/NotificationService.csproj" />
    <Project Path="src/OrderService/OrderService.csproj" />
    <Project Path="src/PaymentService/PaymentService.csproj" />
    <Project Path="src/Shared.Contracts/Shared.Contracts.csproj" />
  </Folder>
  <Folder Name="/tests/">
    <Project Path="tests/NotificationServiceTests/NotificationServiceTests.csproj" />
    <Project Path="tests/OrderServiceTests/OrderServiceTests.csproj" />
    <Project Path="tests/PaymentServiceTests/PaymentServiceTests.csproj" />
  </Folder>
</Solution>
